// !$*UTF8*$!
{
       archiveVersion = 1;
       classes = {
       };
       objectVersion = 45;
       objects = {

/* Begin PBXAggregateTarget section */
              1010F03701010F03701010F0 /* ALL_BUILD */ = {
                     isa = PBXAggregateTarget;
                     buildConfigurationList = 1010BBB701010BBB701010BB /* Build configuration list for PBXAggregateTarget "ALL_BUILD" */;
                     buildPhases = (
                            10102E04010102E04010102E /* CMake ReRun */,
                            10106A53010106A53010106A /* CMake Rules */,
                     );
                     dependencies = (
                            101099F20101099F20101099 /* PBXTargetDependency */,
                     );
                     name = ALL_BUILD;
                     productName = ALL_BUILD;
              };
              1010396D01010396D0101039 /* RUN_TESTS */ = {
                     isa = PBXAggregateTarget;
                     buildConfigurationList = 1010D2DB01010D2DB01010D2 /* Build configuration list for PBXAggregateTarget "RUN_TESTS" */;
                     buildPhases = (
                            1010C09A01010C09A01010C0 /* CMake ReRun */,
                            1010C90E01010C90E01010C9 /* CMake PostBuild Rules */,
                     );
                     dependencies = (
                     );
                     name = RUN_TESTS;
                     productName = RUN_TESTS;
              };
              10106FDB010106FDB010106F /* install */ = {
                     isa = PBXAggregateTarget;
                     buildConfigurationList = 101088E40101088E40101088 /* Build configuration list for PBXAggregateTarget "install" */;
                     buildPhases = (
                            101070080101070080101070 /* CMake ReRun */,
                            1010C82C01010C82C01010C8 /* CMake PostBuild Rules */,
                     );
                     dependencies = (
                            10109AD7010109AD7010109A /* PBXTargetDependency */,
                     );
                     name = install;
                     productName = install;
              };
/* End PBXAggregateTarget section */

/* Begin PBXBuildFile section */
1010B74C01010B74C01010B7 /* /Users/jjthrash/Downloads/OpenCV-2.2.0/tests/cxts/cxts.cpp */ = {isa = PBXBuildFile; fileRef = 1010B6A301010B6A301010B6 /* /Users/jjthrash/Downloads/OpenCV-2.2.0/tests/cxts/cxts.cpp */; settings = { COMPILER_FLAGS = ""; }; };
1010A46201010A46201010A4 /* /Users/jjthrash/Downloads/OpenCV-2.2.0/tests/cxts/cxts_arrtest.cpp */ = {isa = PBXBuildFile; fileRef = 10101F69010101F69010101F /* /Users/jjthrash/Downloads/OpenCV-2.2.0/tests/cxts/cxts_arrtest.cpp */; settings = { COMPILER_FLAGS = ""; }; };
1010A56501010A56501010A5 /* /Users/jjthrash/Downloads/OpenCV-2.2.0/tests/cxts/cxts_math.cpp */ = {isa = PBXBuildFile; fileRef = 1010A4B401010A4B401010A4 /* /Users/jjthrash/Downloads/OpenCV-2.2.0/tests/cxts/cxts_math.cpp */; settings = { COMPILER_FLAGS = ""; }; };
101020F00101020F00101020 /* /Users/jjthrash/Downloads/OpenCV-2.2.0/tests/cxts/precomp.cpp */ = {isa = PBXBuildFile; fileRef = 101020420101020420101020 /* /Users/jjthrash/Downloads/OpenCV-2.2.0/tests/cxts/precomp.cpp */; settings = { COMPILER_FLAGS = ""; }; };
10107F8C010107F8C010107F /* /Users/jjthrash/Downloads/OpenCV-2.2.0/tests/cxts/_cxts.h */ = {isa = PBXBuildFile; fileRef = 1010BE6A01010BE6A01010BE /* /Users/jjthrash/Downloads/OpenCV-2.2.0/tests/cxts/_cxts.h */; settings = { COMPILER_FLAGS = ""; }; };
1010967F01010967F0101096 /* /Users/jjthrash/Downloads/OpenCV-2.2.0/tests/cxts/cxts.h */ = {isa = PBXBuildFile; fileRef = 1010153A01010153A0101015 /* /Users/jjthrash/Downloads/OpenCV-2.2.0/tests/cxts/cxts.h */; settings = { COMPILER_FLAGS = ""; }; };
101094A30101094A30101094 /* /Users/jjthrash/Downloads/OpenCV-2.2.0/tests/cxts/CMakeLists.txt */ = {isa = PBXBuildFile; fileRef = 101061BE0101061BE0101061 /* /Users/jjthrash/Downloads/OpenCV-2.2.0/tests/cxts/CMakeLists.txt */; settings = { COMPILER_FLAGS = ""; }; };
/* End PBXBuildFile section */

/* Begin PBXBuildStyle section */
              101050820101050820101050 /*  */ = {
                     isa = PBXBuildStyle;
              };
              101050720101050720101050 /* Debug */ = {
                     isa = PBXBuildStyle;
                     buildSettings = {
                            COPY_PHASE_STRIP = NO;
                     };
                     name = Debug;
              };
              1010E1CD01010E1CD01010E1 /* Release */ = {
                     isa = PBXBuildStyle;
                     buildSettings = {
                            COPY_PHASE_STRIP = NO;
                     };
                     name = Release;
              };
              1010CC4301010CC4301010CC /* MinSizeRel */ = {
                     isa = PBXBuildStyle;
                     buildSettings = {
                            COPY_PHASE_STRIP = NO;
                     };
                     name = MinSizeRel;
              };
              1010C3CE01010C3CE01010C3 /* RelWithDebInfo */ = {
                     isa = PBXBuildStyle;
                     buildSettings = {
                            COPY_PHASE_STRIP = NO;
                     };
                     name = RelWithDebInfo;
              };
/* End PBXBuildStyle section */

/* Begin PBXContainerItemProxy section */
              101099810101099810101099 /* PBXContainerItemProxy */ = {
                     isa = PBXContainerItemProxy;
                     containerPortal = 1010F27201010F27201010F2 /* Project object */;
                     proxyType = 1;
                     remoteGlobalIDString = 101071450101071450101071;
                     remoteInfo = opencv_ts;
              };
              10109A37010109A37010109A /* PBXContainerItemProxy */ = {
                     isa = PBXContainerItemProxy;
                     containerPortal = 1010F27201010F27201010F2 /* Project object */;
                     proxyType = 1;
                     remoteGlobalIDString = 1010F03701010F03701010F0;
                     remoteInfo = ALL_BUILD;
              };
/* End PBXContainerItemProxy section */

/* Begin PBXFileReference section */
101061BE0101061BE0101061 /* /Users/jjthrash/Downloads/OpenCV-2.2.0/tests/cxts/CMakeLists.txt */ = {isa = PBXFileReference; fileEncoding = 4; lastKnownFileType = "sourcecode.text"; name = "CMakeLists.txt"; path = "CMakeLists.txt"; sourceTree = SOURCE_ROOT; };
1010B6A301010B6A301010B6 /* /Users/jjthrash/Downloads/OpenCV-2.2.0/tests/cxts/cxts.cpp */ = {isa = PBXFileReference; fileEncoding = 4; lastKnownFileType = "sourcecode.cpp.cpp"; name = "cxts.cpp"; path = "cxts.cpp"; sourceTree = SOURCE_ROOT; };
10101F69010101F69010101F /* /Users/jjthrash/Downloads/OpenCV-2.2.0/tests/cxts/cxts_arrtest.cpp */ = {isa = PBXFileReference; fileEncoding = 4; lastKnownFileType = "sourcecode.cpp.cpp"; name = "cxts_arrtest.cpp"; path = "cxts_arrtest.cpp"; sourceTree = SOURCE_ROOT; };
1010A4B401010A4B401010A4 /* /Users/jjthrash/Downloads/OpenCV-2.2.0/tests/cxts/cxts_math.cpp */ = {isa = PBXFileReference; fileEncoding = 4; lastKnownFileType = "sourcecode.cpp.cpp"; name = "cxts_math.cpp"; path = "cxts_math.cpp"; sourceTree = SOURCE_ROOT; };
101020420101020420101020 /* /Users/jjthrash/Downloads/OpenCV-2.2.0/tests/cxts/precomp.cpp */ = {isa = PBXFileReference; fileEncoding = 4; lastKnownFileType = "sourcecode.cpp.cpp"; name = "precomp.cpp"; path = "precomp.cpp"; sourceTree = SOURCE_ROOT; };
1010BE6A01010BE6A01010BE /* /Users/jjthrash/Downloads/OpenCV-2.2.0/tests/cxts/_cxts.h */ = {isa = PBXFileReference; fileEncoding = 4; lastKnownFileType = "sourcecode.c.h"; name = "_cxts.h"; path = "_cxts.h"; sourceTree = SOURCE_ROOT; };
1010153A01010153A0101015 /* /Users/jjthrash/Downloads/OpenCV-2.2.0/tests/cxts/cxts.h */ = {isa = PBXFileReference; fileEncoding = 4; lastKnownFileType = "sourcecode.c.h"; name = "cxts.h"; path = "cxts.h"; sourceTree = SOURCE_ROOT; };
101098E00101098E00101098 /* opencv_ts */ = {isa = PBXFileReference; explicitFileType = "archive.ar"; path = "libopencv_ts.a"; refType = 0; sourceTree = BUILT_PRODUCTS_DIR; };
/* End PBXFileReference section */

/* Begin PBXGroup section */
              101047480101047480101047  = {
                     isa = PBXGroup;
                     children = (
                            101093B40101093B40101093 /* Sources */,
                            1010522F01010522F0101052 /* Resources */,
                            10104E21010104E21010104E /* Products */,
                     );
                     sourceTree = "<group>";
              };
              101093B40101093B40101093 /* Sources */ = {
                     isa = PBXGroup;
                     children = (
                            101038760101038760101038 /* ALL_BUILD */,
                            10106ACD010106ACD010106A /* opencv_ts */,
                     );
                     name = Sources;
                     sourceTree = "<group>";
              };
              1010522F01010522F0101052 /* Resources */ = {
                     isa = PBXGroup;
                     children = (
                     );
                     name = Resources;
                     sourceTree = "<group>";
              };
              101038760101038760101038 /* ALL_BUILD */ = {
                     isa = PBXGroup;
                     children = (
                            10107E50010107E50010107E /* CMake Rules */,
                            101061BE0101061BE0101061 /* /Users/jjthrash/Downloads/OpenCV-2.2.0/tests/cxts/CMakeLists.txt */,
                     );
                     name = ALL_BUILD;
                     sourceTree = "<group>";
              };
              10107E50010107E50010107E /* CMake Rules */ = {
                     isa = PBXGroup;
                     children = (
                     );
                     name = "CMake Rules";
                     sourceTree = "<group>";
              };
              10106ACD010106ACD010106A /* opencv_ts */ = {
                     isa = PBXGroup;
                     children = (
                            1010BD3501010BD3501010BD /* Src */,
                            1010E2EB01010E2EB01010E2 /* Include */,
                            101061BE0101061BE0101061 /* /Users/jjthrash/Downloads/OpenCV-2.2.0/tests/cxts/CMakeLists.txt */,
                     );
                     name = opencv_ts;
                     sourceTree = "<group>";
              };
              1010BD3501010BD3501010BD /* Src */ = {
                     isa = PBXGroup;
                     children = (
                            1010B6A301010B6A301010B6 /* /Users/jjthrash/Downloads/OpenCV-2.2.0/tests/cxts/cxts.cpp */,
                            10101F69010101F69010101F /* /Users/jjthrash/Downloads/OpenCV-2.2.0/tests/cxts/cxts_arrtest.cpp */,
                            1010A4B401010A4B401010A4 /* /Users/jjthrash/Downloads/OpenCV-2.2.0/tests/cxts/cxts_math.cpp */,
                            101020420101020420101020 /* /Users/jjthrash/Downloads/OpenCV-2.2.0/tests/cxts/precomp.cpp */,
                     );
                     name = Src;
                     sourceTree = "<group>";
              };
              1010E2EB01010E2EB01010E2 /* Include */ = {
                     isa = PBXGroup;
                     children = (
                            1010BE6A01010BE6A01010BE /* /Users/jjthrash/Downloads/OpenCV-2.2.0/tests/cxts/_cxts.h */,
                            1010153A01010153A0101015 /* /Users/jjthrash/Downloads/OpenCV-2.2.0/tests/cxts/cxts.h */,
                     );
                     name = Include;
                     sourceTree = "<group>";
              };
              10104E21010104E21010104E /* Products */ = {
                     isa = PBXGroup;
                     children = (
                            101098E00101098E00101098 /* opencv_ts */,
                     );
                     name = Products;
                     sourceTree = "<group>";
              };
/* End PBXGroup section */

/* Begin PBXNativeTarget section */
              101071450101071450101071 /* opencv_ts */ = {
                     isa = PBXNativeTarget;
                     buildConfigurationList = 101071950101071950101071 /* Build configuration list for PBXNativeTarget "opencv_ts" */;
                     buildPhases = (
                            1010958C01010958C0101095 /* CMake ReRun */,
                            1010951B01010951B0101095 /* Sources */,
                            101070980101070980101070 /* CMake PostBuild Rules */,
                     );
                     buildRules = (
                     );
                     dependencies = (
                     );
                     name = opencv_ts;
                     productName = opencv_ts;
                     productReference = 101098E00101098E00101098 /* opencv_ts */;
                     productType = "com.apple.product-type.library.static";
              };
/* End PBXNativeTarget section */

/* Begin PBXProject section */
              1010F27201010F27201010F2 /* Project object */ = {
                     isa = PBXProject;
                     attributes = {
                            BuildIndependentTargetsInParallel = YES;
                     };
                     buildConfigurationList = 10103D22010103D22010103D /* Build configuration list for PBXProject  "opencv_ts" */;
                     buildSettings = {
                     };
                     buildStyles = (
                            101050720101050720101050 /* Debug */,
                            1010E1CD01010E1CD01010E1 /* Release */,
                            1010CC4301010CC4301010CC /* MinSizeRel */,
                            1010C3CE01010C3CE01010C3 /* RelWithDebInfo */,
                     );
                     compatibilityVersion = "Xcode 3.1";
                     hasScannedForEncodings = 0;
                     mainGroup = 101047480101047480101047;
                     projectDirPath = ".";
                     projectRoot = "";
                     targets = (
                            1010F03701010F03701010F0 /* ALL_BUILD */,
                            1010396D01010396D0101039 /* RUN_TESTS */,
                            10106FDB010106FDB010106F /* install */,
                            101071450101071450101071 /* opencv_ts */,
                     );
              };
/* End PBXProject section */

/* Begin PBXShellScriptBuildPhase section */
              101039E50101039E50101039 /*  */ = {
                     isa = PBXShellScriptBuildPhase;
                     buildActionMask = 2147483647;
                     files = (
                     );
                     inputPaths = (
                     );
                     outputPaths = (
                     );
                     runOnlyForDeploymentPostprocessing = 0;
                     shellPath = /bin/sh;
                     shellScript = "# shell script goes here
exit 0";
              };
              10102E04010102E04010102E /* CMake ReRun */ = {
                     isa = PBXShellScriptBuildPhase;
                     buildActionMask = 2147483647;
                     files = (
                     );
                     name = "CMake ReRun";
                     runOnlyForDeploymentPostprocessing = 0;
                     shellPath = /bin/sh;
                     shellScript = "make -C /Users/jjthrash/Downloads/OpenCV-2.2.0 -f /Users/jjthrash/Downloads/OpenCV-2.2.0/CMakeScripts/ReRunCMake.make";
              };
              10106A53010106A53010106A /* CMake Rules */ = {
                     isa = PBXShellScriptBuildPhase;
                     buildActionMask = 2147483647;
                     files = (
                     );
                     name = "CMake Rules";
                     runOnlyForDeploymentPostprocessing = 0;
                     shellPath = /bin/sh;
                     shellScript = "make -C /Users/jjthrash/Downloads/OpenCV-2.2.0/tests/cxts -f /Users/jjthrash/Downloads/OpenCV-2.2.0/tests/cxts/CMakeScripts/ALL_BUILD_cmakeRulesBuildPhase.make$CONFIGURATION all";
              };
              10108DA6010108DA6010108D /*  */ = {
                     isa = PBXShellScriptBuildPhase;
                     buildActionMask = 2147483647;
                     files = (
                     );
                     inputPaths = (
                     );
                     outputPaths = (
                     );
                     runOnlyForDeploymentPostprocessing = 0;
                     shellPath = /bin/sh;
                     shellScript = "# shell script goes here
exit 0";
              };
              1010C09A01010C09A01010C0 /* CMake ReRun */ = {
                     isa = PBXShellScriptBuildPhase;
                     buildActionMask = 2147483647;
                     files = (
                     );
                     name = "CMake ReRun";
                     runOnlyForDeploymentPostprocessing = 0;
                     shellPath = /bin/sh;
                     shellScript = "make -C /Users/jjthrash/Downloads/OpenCV-2.2.0 -f /Users/jjthrash/Downloads/OpenCV-2.2.0/CMakeScripts/ReRunCMake.make";
              };
              1010C90E01010C90E01010C9 /* CMake PostBuild Rules */ = {
                     isa = PBXShellScriptBuildPhase;
                     buildActionMask = 2147483647;
                     files = (
                     );
                     name = "CMake PostBuild Rules";
                     runOnlyForDeploymentPostprocessing = 0;
                     shellPath = /bin/sh;
                     shellScript = "make -C /Users/jjthrash/Downloads/OpenCV-2.2.0/tests/cxts -f /Users/jjthrash/Downloads/OpenCV-2.2.0/tests/cxts/CMakeScripts/RUN_TESTS_postBuildPhase.make$CONFIGURATION all";
              };
              101096FF0101096FF0101096 /*  */ = {
                     isa = PBXShellScriptBuildPhase;
                     buildActionMask = 2147483647;
                     files = (
                     );
                     inputPaths = (
                     );
                     outputPaths = (
                     );
                     runOnlyForDeploymentPostprocessing = 0;
                     shellPath = /bin/sh;
                     shellScript = "# shell script goes here
exit 0";
              };
              101070080101070080101070 /* CMake ReRun */ = {
                     isa = PBXShellScriptBuildPhase;
                     buildActionMask = 2147483647;
                     files = (
                     );
                     name = "CMake ReRun";
                     runOnlyForDeploymentPostprocessing = 0;
                     shellPath = /bin/sh;
                     shellScript = "make -C /Users/jjthrash/Downloads/OpenCV-2.2.0 -f /Users/jjthrash/Downloads/OpenCV-2.2.0/CMakeScripts/ReRunCMake.make";
              };
              1010C82C01010C82C01010C8 /* CMake PostBuild Rules */ = {
                     isa = PBXShellScriptBuildPhase;
                     buildActionMask = 2147483647;
                     files = (
                     );
                     name = "CMake PostBuild Rules";
                     runOnlyForDeploymentPostprocessing = 0;
                     shellPath = /bin/sh;
                     shellScript = "make -C /Users/jjthrash/Downloads/OpenCV-2.2.0/tests/cxts -f /Users/jjthrash/Downloads/OpenCV-2.2.0/tests/cxts/CMakeScripts/install_postBuildPhase.make$CONFIGURATION all";
              };
              1010958C01010958C0101095 /* CMake ReRun */ = {
                     isa = PBXShellScriptBuildPhase;
                     buildActionMask = 2147483647;
                     files = (
                     );
                     name = "CMake ReRun";
                     runOnlyForDeploymentPostprocessing = 0;
                     shellPath = /bin/sh;
                     shellScript = "make -C /Users/jjthrash/Downloads/OpenCV-2.2.0 -f /Users/jjthrash/Downloads/OpenCV-2.2.0/CMakeScripts/ReRunCMake.make";
              };
              101070980101070980101070 /* CMake PostBuild Rules */ = {
                     isa = PBXShellScriptBuildPhase;
                     buildActionMask = 2147483647;
                     files = (
                     );
                     name = "CMake PostBuild Rules";
                     runOnlyForDeploymentPostprocessing = 0;
                     shellPath = /bin/sh;
                     shellScript = "make -C /Users/jjthrash/Downloads/OpenCV-2.2.0/tests/cxts -f /Users/jjthrash/Downloads/OpenCV-2.2.0/tests/cxts/CMakeScripts/opencv_ts_postBuildPhase.make$CONFIGURATION all";
              };
/* End PBXShellScriptBuildPhase section */

/* Begin PBXSourcesBuildPhase section */
              1010951B01010951B0101095 /* Sources */ = {
                     isa = PBXSourcesBuildPhase;
                     buildActionMask = 2147483647;
                     files = (
                            1010B74C01010B74C01010B7 /* /Users/jjthrash/Downloads/OpenCV-2.2.0/tests/cxts/cxts.cpp */,
                            1010A46201010A46201010A4 /* /Users/jjthrash/Downloads/OpenCV-2.2.0/tests/cxts/cxts_arrtest.cpp */,
                            1010A56501010A56501010A5 /* /Users/jjthrash/Downloads/OpenCV-2.2.0/tests/cxts/cxts_math.cpp */,
                            101020F00101020F00101020 /* /Users/jjthrash/Downloads/OpenCV-2.2.0/tests/cxts/precomp.cpp */,
                     );
                     runOnlyForDeploymentPostprocessing = 0;
              };
/* End PBXSourcesBuildPhase section */

/* Begin PBXTargetDependency section */
              101099F20101099F20101099 /* PBXTargetDependency */ = {
                     isa = PBXTargetDependency;
                     target = 101071450101071450101071 /* opencv_ts */;
                     targetProxy = 101099810101099810101099 /* PBXContainerItemProxy */;
              };
              10109AD7010109AD7010109A /* PBXTargetDependency */ = {
                     isa = PBXTargetDependency;
                     target = 1010F03701010F03701010F0 /* ALL_BUILD */;
                     targetProxy = 10109A37010109A37010109A /* PBXContainerItemProxy */;
              };
/* End PBXTargetDependency section */

/* Begin XCBuildConfiguration section */
              1010BA8601010BA8601010BA /* Debug */ = {
                     isa = XCBuildConfiguration;
                     buildSettings = {
                            ARCHS = "$(ARCHS_STANDARD_32_64_BIT)";
                            ONLY_ACTIVE_ARCH = YES;
                            SDKROOT = "/Developer/SDKs/MacOSX10.6.sdk";
                            SYMROOT = "/Users/jjthrash/Downloads/OpenCV-2.2.0/tests/cxts/build";
                     };
                     name = Debug;
              };
              101011A70101011A70101011 /* Release */ = {
                     isa = XCBuildConfiguration;
                     buildSettings = {
                            ARCHS = "$(ARCHS_STANDARD_32_64_BIT)";
                            ONLY_ACTIVE_ARCH = YES;
                            SDKROOT = "/Developer/SDKs/MacOSX10.6.sdk";
                            SYMROOT = "/Users/jjthrash/Downloads/OpenCV-2.2.0/tests/cxts/build";
                     };
                     name = Release;
              };
              1010BAAC01010BAAC01010BA /* MinSizeRel */ = {
                     isa = XCBuildConfiguration;
                     buildSettings = {
                            ARCHS = "$(ARCHS_STANDARD_32_64_BIT)";
                            ONLY_ACTIVE_ARCH = YES;
                            SDKROOT = "/Developer/SDKs/MacOSX10.6.sdk";
                            SYMROOT = "/Users/jjthrash/Downloads/OpenCV-2.2.0/tests/cxts/build";
                     };
                     name = MinSizeRel;
              };
              101047160101047160101047 /* RelWithDebInfo */ = {
                     isa = XCBuildConfiguration;
                     buildSettings = {
                            ARCHS = "$(ARCHS_STANDARD_32_64_BIT)";
                            ONLY_ACTIVE_ARCH = YES;
                            SDKROOT = "/Developer/SDKs/MacOSX10.6.sdk";
                            SYMROOT = "/Users/jjthrash/Downloads/OpenCV-2.2.0/tests/cxts/build";
                     };
                     name = RelWithDebInfo;
              };
              1010F17101010F17101010F1 /* Debug */ = {
                     isa = XCBuildConfiguration;
                     buildSettings = {
                            GCC_GENERATE_DEBUGGING_SYMBOLS = NO;
                            GCC_INLINES_ARE_PRIVATE_EXTERN = NO;
                            GCC_OPTIMIZATION_LEVEL = 0;
                            GCC_PREPROCESSOR_DEFINITIONS = ("'CMAKE_INTDIR=\"$(CONFIGURATION)\"'", HAVE_ALLOCA, HAVE_ALLOCA_H, HAVE_LIBPTHREAD, HAVE_UNISTD_H, HAVE_CONFIG_H, );
                            GCC_SYMBOLS_PRIVATE_EXTERN = NO;
                            HEADER_SEARCH_PATHS = ("/Users/jjthrash/Downloads/OpenCV-2.2.0/.", "/Users/jjthrash/Downloads/OpenCV-2.2.0", "/Users/jjthrash/Downloads/OpenCV-2.2.0/include", "/Users/jjthrash/Downloads/OpenCV-2.2.0/include/opencv", "/Users/jjthrash/Downloads/OpenCV-2.2.0/tests/cxts/.", "/Users/jjthrash/Downloads/OpenCV-2.2.0/modules/core/include", );
                            INSTALL_PATH = "";
                            OTHER_CFLAGS = "  ";
                            OTHER_LDFLAGS = "";
                            OTHER_REZFLAGS = "";
                            PREBINDING = NO;
                            PRODUCT_NAME = ALL_BUILD;
                            SECTORDER_FLAGS = "";
                            SYMROOT = "/Users/jjthrash/Downloads/OpenCV-2.2.0/tests/cxts";
                            USE_HEADERMAP = NO;
                            WARNING_CFLAGS = ("-Wmost", "-Wno-four-char-constants", "-Wno-unknown-pragmas", );
                     };
                     name = Debug;
              };
              10104C8A010104C8A010104C /* Release */ = {
                     isa = XCBuildConfiguration;
                     buildSettings = {
                            GCC_GENERATE_DEBUGGING_SYMBOLS = NO;
                            GCC_INLINES_ARE_PRIVATE_EXTERN = NO;
                            GCC_OPTIMIZATION_LEVEL = 0;
                            GCC_PREPROCESSOR_DEFINITIONS = ("'CMAKE_INTDIR=\"$(CONFIGURATION)\"'", HAVE_ALLOCA, HAVE_ALLOCA_H, HAVE_LIBPTHREAD, HAVE_UNISTD_H, HAVE_CONFIG_H, );
                            GCC_SYMBOLS_PRIVATE_EXTERN = NO;
                            HEADER_SEARCH_PATHS = ("/Users/jjthrash/Downloads/OpenCV-2.2.0/.", "/Users/jjthrash/Downloads/OpenCV-2.2.0", "/Users/jjthrash/Downloads/OpenCV-2.2.0/include", "/Users/jjthrash/Downloads/OpenCV-2.2.0/include/opencv", "/Users/jjthrash/Downloads/OpenCV-2.2.0/tests/cxts/.", "/Users/jjthrash/Downloads/OpenCV-2.2.0/modules/core/include", );
                            INSTALL_PATH = "";
                            OTHER_CFLAGS = "  ";
                            OTHER_LDFLAGS = "";
                            OTHER_REZFLAGS = "";
                            PREBINDING = NO;
                            PRODUCT_NAME = ALL_BUILD;
                            SECTORDER_FLAGS = "";
                            SYMROOT = "/Users/jjthrash/Downloads/OpenCV-2.2.0/tests/cxts";
                            USE_HEADERMAP = NO;
                            WARNING_CFLAGS = ("-Wmost", "-Wno-four-char-constants", "-Wno-unknown-pragmas", );
                     };
                     name = Release;
              };
              1010F8C601010F8C601010F8 /* MinSizeRel */ = {
                     isa = XCBuildConfiguration;
                     buildSettings = {
                            GCC_GENERATE_DEBUGGING_SYMBOLS = NO;
                            GCC_INLINES_ARE_PRIVATE_EXTERN = NO;
                            GCC_OPTIMIZATION_LEVEL = 0;
                            GCC_PREPROCESSOR_DEFINITIONS = ("'CMAKE_INTDIR=\"$(CONFIGURATION)\"'", HAVE_ALLOCA, HAVE_ALLOCA_H, HAVE_LIBPTHREAD, HAVE_UNISTD_H, HAVE_CONFIG_H, );
                            GCC_SYMBOLS_PRIVATE_EXTERN = NO;
                            HEADER_SEARCH_PATHS = ("/Users/jjthrash/Downloads/OpenCV-2.2.0/.", "/Users/jjthrash/Downloads/OpenCV-2.2.0", "/Users/jjthrash/Downloads/OpenCV-2.2.0/include", "/Users/jjthrash/Downloads/OpenCV-2.2.0/include/opencv", "/Users/jjthrash/Downloads/OpenCV-2.2.0/tests/cxts/.", "/Users/jjthrash/Downloads/OpenCV-2.2.0/modules/core/include", );
                            INSTALL_PATH = "";
                            OTHER_CFLAGS = "  ";
                            OTHER_LDFLAGS = "";
                            OTHER_REZFLAGS = "";
                            PREBINDING = NO;
                            PRODUCT_NAME = ALL_BUILD;
                            SECTORDER_FLAGS = "";
                            SYMROOT = "/Users/jjthrash/Downloads/OpenCV-2.2.0/tests/cxts";
                            USE_HEADERMAP = NO;
                            WARNING_CFLAGS = ("-Wmost", "-Wno-four-char-constants", "-Wno-unknown-pragmas", );
                     };
                     name = MinSizeRel;
              };
              10104C34010104C34010104C /* RelWithDebInfo */ = {
                     isa = XCBuildConfiguration;
                     buildSettings = {
                            GCC_GENERATE_DEBUGGING_SYMBOLS = NO;
                            GCC_INLINES_ARE_PRIVATE_EXTERN = NO;
                            GCC_OPTIMIZATION_LEVEL = 0;
                            GCC_PREPROCESSOR_DEFINITIONS = ("'CMAKE_INTDIR=\"$(CONFIGURATION)\"'", HAVE_ALLOCA, HAVE_ALLOCA_H, HAVE_LIBPTHREAD, HAVE_UNISTD_H, HAVE_CONFIG_H, );
                            GCC_SYMBOLS_PRIVATE_EXTERN = NO;
                            HEADER_SEARCH_PATHS = ("/Users/jjthrash/Downloads/OpenCV-2.2.0/.", "/Users/jjthrash/Downloads/OpenCV-2.2.0", "/Users/jjthrash/Downloads/OpenCV-2.2.0/include", "/Users/jjthrash/Downloads/OpenCV-2.2.0/include/opencv", "/Users/jjthrash/Downloads/OpenCV-2.2.0/tests/cxts/.", "/Users/jjthrash/Downloads/OpenCV-2.2.0/modules/core/include", );
                            INSTALL_PATH = "";
                            OTHER_CFLAGS = "  ";
                            OTHER_LDFLAGS = "";
                            OTHER_REZFLAGS = "";
                            PREBINDING = NO;
                            PRODUCT_NAME = ALL_BUILD;
                            SECTORDER_FLAGS = "";
                            SYMROOT = "/Users/jjthrash/Downloads/OpenCV-2.2.0/tests/cxts";
                            USE_HEADERMAP = NO;
                            WARNING_CFLAGS = ("-Wmost", "-Wno-four-char-constants", "-Wno-unknown-pragmas", );
                     };
                     name = RelWithDebInfo;
              };
              1010C43601010C43601010C4 /* Debug */ = {
                     isa = XCBuildConfiguration;
                     buildSettings = {
                            GCC_GENERATE_DEBUGGING_SYMBOLS = NO;
                            GCC_INLINES_ARE_PRIVATE_EXTERN = NO;
                            GCC_OPTIMIZATION_LEVEL = 0;
                            GCC_PREPROCESSOR_DEFINITIONS = ("'CMAKE_INTDIR=\"$(CONFIGURATION)\"'", HAVE_ALLOCA, HAVE_ALLOCA_H, HAVE_LIBPTHREAD, HAVE_UNISTD_H, HAVE_CONFIG_H, );
                            GCC_SYMBOLS_PRIVATE_EXTERN = NO;
                            HEADER_SEARCH_PATHS = ("/Users/jjthrash/Downloads/OpenCV-2.2.0/.", "/Users/jjthrash/Downloads/OpenCV-2.2.0", "/Users/jjthrash/Downloads/OpenCV-2.2.0/include", "/Users/jjthrash/Downloads/OpenCV-2.2.0/include/opencv", "/Users/jjthrash/Downloads/OpenCV-2.2.0/tests/cxts/.", "/Users/jjthrash/Downloads/OpenCV-2.2.0/modules/core/include", );
                            INSTALL_PATH = "";
                            OTHER_CFLAGS = "  ";
                            OTHER_LDFLAGS = "";
                            OTHER_REZFLAGS = "";
                            PREBINDING = NO;
                            PRODUCT_NAME = RUN_TESTS;
                            SECTORDER_FLAGS = "";
                            SYMROOT = "/Users/jjthrash/Downloads/OpenCV-2.2.0/tests/cxts";
                            USE_HEADERMAP = NO;
                            WARNING_CFLAGS = ("-Wmost", "-Wno-four-char-constants", "-Wno-unknown-pragmas", );
                     };
                     name = Debug;
              };
              10102E7E010102E7E010102E /* Release */ = {
                     isa = XCBuildConfiguration;
                     buildSettings = {
                            GCC_GENERATE_DEBUGGING_SYMBOLS = NO;
                            GCC_INLINES_ARE_PRIVATE_EXTERN = NO;
                            GCC_OPTIMIZATION_LEVEL = 0;
                            GCC_PREPROCESSOR_DEFINITIONS = ("'CMAKE_INTDIR=\"$(CONFIGURATION)\"'", HAVE_ALLOCA, HAVE_ALLOCA_H, HAVE_LIBPTHREAD, HAVE_UNISTD_H, HAVE_CONFIG_H, );
                            GCC_SYMBOLS_PRIVATE_EXTERN = NO;
                            HEADER_SEARCH_PATHS = ("/Users/jjthrash/Downloads/OpenCV-2.2.0/.", "/Users/jjthrash/Downloads/OpenCV-2.2.0", "/Users/jjthrash/Downloads/OpenCV-2.2.0/include", "/Users/jjthrash/Downloads/OpenCV-2.2.0/include/opencv", "/Users/jjthrash/Downloads/OpenCV-2.2.0/tests/cxts/.", "/Users/jjthrash/Downloads/OpenCV-2.2.0/modules/core/include", );
                            INSTALL_PATH = "";
                            OTHER_CFLAGS = "  ";
                            OTHER_LDFLAGS = "";
                            OTHER_REZFLAGS = "";
                            PREBINDING = NO;
                            PRODUCT_NAME = RUN_TESTS;
                            SECTORDER_FLAGS = "";
                            SYMROOT = "/Users/jjthrash/Downloads/OpenCV-2.2.0/tests/cxts";
                            USE_HEADERMAP = NO;
                            WARNING_CFLAGS = ("-Wmost", "-Wno-four-char-constants", "-Wno-unknown-pragmas", );
                     };
                     name = Release;
              };
              10103A70010103A70010103A /* MinSizeRel */ = {
                     isa = XCBuildConfiguration;
                     buildSettings = {
                            GCC_GENERATE_DEBUGGING_SYMBOLS = NO;
                            GCC_INLINES_ARE_PRIVATE_EXTERN = NO;
                            GCC_OPTIMIZATION_LEVEL = 0;
                            GCC_PREPROCESSOR_DEFINITIONS = ("'CMAKE_INTDIR=\"$(CONFIGURATION)\"'", HAVE_ALLOCA, HAVE_ALLOCA_H, HAVE_LIBPTHREAD, HAVE_UNISTD_H, HAVE_CONFIG_H, );
                            GCC_SYMBOLS_PRIVATE_EXTERN = NO;
                            HEADER_SEARCH_PATHS = ("/Users/jjthrash/Downloads/OpenCV-2.2.0/.", "/Users/jjthrash/Downloads/OpenCV-2.2.0", "/Users/jjthrash/Downloads/OpenCV-2.2.0/include", "/Users/jjthrash/Downloads/OpenCV-2.2.0/include/opencv", "/Users/jjthrash/Downloads/OpenCV-2.2.0/tests/cxts/.", "/Users/jjthrash/Downloads/OpenCV-2.2.0/modules/core/include", );
                            INSTALL_PATH = "";
                            OTHER_CFLAGS = "  ";
                            OTHER_LDFLAGS = "";
                            OTHER_REZFLAGS = "";
                            PREBINDING = NO;
                            PRODUCT_NAME = RUN_TESTS;
                            SECTORDER_FLAGS = "";
                            SYMROOT = "/Users/jjthrash/Downloads/OpenCV-2.2.0/tests/cxts";
                            USE_HEADERMAP = NO;
                            WARNING_CFLAGS = ("-Wmost", "-Wno-four-char-constants", "-Wno-unknown-pragmas", );
                     };
                     name = MinSizeRel;
              };
              101082000101082000101082 /* RelWithDebInfo */ = {
                     isa = XCBuildConfiguration;
                     buildSettings = {
                            GCC_GENERATE_DEBUGGING_SYMBOLS = NO;
                            GCC_INLINES_ARE_PRIVATE_EXTERN = NO;
                            GCC_OPTIMIZATION_LEVEL = 0;
                            GCC_PREPROCESSOR_DEFINITIONS = ("'CMAKE_INTDIR=\"$(CONFIGURATION)\"'", HAVE_ALLOCA, HAVE_ALLOCA_H, HAVE_LIBPTHREAD, HAVE_UNISTD_H, HAVE_CONFIG_H, );
                            GCC_SYMBOLS_PRIVATE_EXTERN = NO;
                            HEADER_SEARCH_PATHS = ("/Users/jjthrash/Downloads/OpenCV-2.2.0/.", "/Users/jjthrash/Downloads/OpenCV-2.2.0", "/Users/jjthrash/Downloads/OpenCV-2.2.0/include", "/Users/jjthrash/Downloads/OpenCV-2.2.0/include/opencv", "/Users/jjthrash/Downloads/OpenCV-2.2.0/tests/cxts/.", "/Users/jjthrash/Downloads/OpenCV-2.2.0/modules/core/include", );
                            INSTALL_PATH = "";
                            OTHER_CFLAGS = "  ";
                            OTHER_LDFLAGS = "";
                            OTHER_REZFLAGS = "";
                            PREBINDING = NO;
                            PRODUCT_NAME = RUN_TESTS;
                            SECTORDER_FLAGS = "";
                            SYMROOT = "/Users/jjthrash/Downloads/OpenCV-2.2.0/tests/cxts";
                            USE_HEADERMAP = NO;
                            WARNING_CFLAGS = ("-Wmost", "-Wno-four-char-constants", "-Wno-unknown-pragmas", );
                     };
                     name = RelWithDebInfo;
              };
              1010893F01010893F0101089 /* Debug */ = {
                     isa = XCBuildConfiguration;
                     buildSettings = {
                            GCC_GENERATE_DEBUGGING_SYMBOLS = NO;
                            GCC_INLINES_ARE_PRIVATE_EXTERN = NO;
                            GCC_OPTIMIZATION_LEVEL = 0;
                            GCC_PREPROCESSOR_DEFINITIONS = ("'CMAKE_INTDIR=\"$(CONFIGURATION)\"'", HAVE_ALLOCA, HAVE_ALLOCA_H, HAVE_LIBPTHREAD, HAVE_UNISTD_H, HAVE_CONFIG_H, );
                            GCC_SYMBOLS_PRIVATE_EXTERN = NO;
                            HEADER_SEARCH_PATHS = ("/Users/jjthrash/Downloads/OpenCV-2.2.0/.", "/Users/jjthrash/Downloads/OpenCV-2.2.0", "/Users/jjthrash/Downloads/OpenCV-2.2.0/include", "/Users/jjthrash/Downloads/OpenCV-2.2.0/include/opencv", "/Users/jjthrash/Downloads/OpenCV-2.2.0/tests/cxts/.", "/Users/jjthrash/Downloads/OpenCV-2.2.0/modules/core/include", );
                            INSTALL_PATH = "";
                            OTHER_CFLAGS = "  ";
                            OTHER_LDFLAGS = "";
                            OTHER_REZFLAGS = "";
                            PREBINDING = NO;
                            PRODUCT_NAME = install;
                            SECTORDER_FLAGS = "";
                            SYMROOT = "/Users/jjthrash/Downloads/OpenCV-2.2.0/tests/cxts";
                            USE_HEADERMAP = NO;
                            WARNING_CFLAGS = ("-Wmost", "-Wno-four-char-constants", "-Wno-unknown-pragmas", );
                     };
                     name = Debug;
              };
              1010CF3F01010CF3F01010CF /* Release */ = {
                     isa = XCBuildConfiguration;
                     buildSettings = {
                            GCC_GENERATE_DEBUGGING_SYMBOLS = NO;
                            GCC_INLINES_ARE_PRIVATE_EXTERN = NO;
                            GCC_OPTIMIZATION_LEVEL = 0;
                            GCC_PREPROCESSOR_DEFINITIONS = ("'CMAKE_INTDIR=\"$(CONFIGURATION)\"'", HAVE_ALLOCA, HAVE_ALLOCA_H, HAVE_LIBPTHREAD, HAVE_UNISTD_H, HAVE_CONFIG_H, );
                            GCC_SYMBOLS_PRIVATE_EXTERN = NO;
                            HEADER_SEARCH_PATHS = ("/Users/jjthrash/Downloads/OpenCV-2.2.0/.", "/Users/jjthrash/Downloads/OpenCV-2.2.0", "/Users/jjthrash/Downloads/OpenCV-2.2.0/include", "/Users/jjthrash/Downloads/OpenCV-2.2.0/include/opencv", "/Users/jjthrash/Downloads/OpenCV-2.2.0/tests/cxts/.", "/Users/jjthrash/Downloads/OpenCV-2.2.0/modules/core/include", );
                            INSTALL_PATH = "";
                            OTHER_CFLAGS = "  ";
                            OTHER_LDFLAGS = "";
                            OTHER_REZFLAGS = "";
                            PREBINDING = NO;
                            PRODUCT_NAME = install;
                            SECTORDER_FLAGS = "";
                            SYMROOT = "/Users/jjthrash/Downloads/OpenCV-2.2.0/tests/cxts";
                            USE_HEADERMAP = NO;
                            WARNING_CFLAGS = ("-Wmost", "-Wno-four-char-constants", "-Wno-unknown-pragmas", );
                     };
                     name = Release;
              };
              101036010101036010101036 /* MinSizeRel */ = {
                     isa = XCBuildConfiguration;
                     buildSettings = {
                            GCC_GENERATE_DEBUGGING_SYMBOLS = NO;
                            GCC_INLINES_ARE_PRIVATE_EXTERN = NO;
                            GCC_OPTIMIZATION_LEVEL = 0;
                            GCC_PREPROCESSOR_DEFINITIONS = ("'CMAKE_INTDIR=\"$(CONFIGURATION)\"'", HAVE_ALLOCA, HAVE_ALLOCA_H, HAVE_LIBPTHREAD, HAVE_UNISTD_H, HAVE_CONFIG_H, );
                            GCC_SYMBOLS_PRIVATE_EXTERN = NO;
                            HEADER_SEARCH_PATHS = ("/Users/jjthrash/Downloads/OpenCV-2.2.0/.", "/Users/jjthrash/Downloads/OpenCV-2.2.0", "/Users/jjthrash/Downloads/OpenCV-2.2.0/include", "/Users/jjthrash/Downloads/OpenCV-2.2.0/include/opencv", "/Users/jjthrash/Downloads/OpenCV-2.2.0/tests/cxts/.", "/Users/jjthrash/Downloads/OpenCV-2.2.0/modules/core/include", );
                            INSTALL_PATH = "";
                            OTHER_CFLAGS = "  ";
                            OTHER_LDFLAGS = "";
                            OTHER_REZFLAGS = "";
                            PREBINDING = NO;
                            PRODUCT_NAME = install;
                            SECTORDER_FLAGS = "";
                            SYMROOT = "/Users/jjthrash/Downloads/OpenCV-2.2.0/tests/cxts";
                            USE_HEADERMAP = NO;
                            WARNING_CFLAGS = ("-Wmost", "-Wno-four-char-constants", "-Wno-unknown-pragmas", );
                     };
                     name = MinSizeRel;
              };
              1010A8B101010A8B101010A8 /* RelWithDebInfo */ = {
                     isa = XCBuildConfiguration;
                     buildSettings = {
                            GCC_GENERATE_DEBUGGING_SYMBOLS = NO;
                            GCC_INLINES_ARE_PRIVATE_EXTERN = NO;
                            GCC_OPTIMIZATION_LEVEL = 0;
                            GCC_PREPROCESSOR_DEFINITIONS = ("'CMAKE_INTDIR=\"$(CONFIGURATION)\"'", HAVE_ALLOCA, HAVE_ALLOCA_H, HAVE_LIBPTHREAD, HAVE_UNISTD_H, HAVE_CONFIG_H, );
                            GCC_SYMBOLS_PRIVATE_EXTERN = NO;
                            HEADER_SEARCH_PATHS = ("/Users/jjthrash/Downloads/OpenCV-2.2.0/.", "/Users/jjthrash/Downloads/OpenCV-2.2.0", "/Users/jjthrash/Downloads/OpenCV-2.2.0/include", "/Users/jjthrash/Downloads/OpenCV-2.2.0/include/opencv", "/Users/jjthrash/Downloads/OpenCV-2.2.0/tests/cxts/.", "/Users/jjthrash/Downloads/OpenCV-2.2.0/modules/core/include", );
                            INSTALL_PATH = "";
                            OTHER_CFLAGS = "  ";
                            OTHER_LDFLAGS = "";
                            OTHER_REZFLAGS = "";
                            PREBINDING = NO;
                            PRODUCT_NAME = install;
                            SECTORDER_FLAGS = "";
                            SYMROOT = "/Users/jjthrash/Downloads/OpenCV-2.2.0/tests/cxts";
                            USE_HEADERMAP = NO;
                            WARNING_CFLAGS = ("-Wmost", "-Wno-four-char-constants", "-Wno-unknown-pragmas", );
                     };
                     name = RelWithDebInfo;
              };
              101071E80101071E80101071 /* Debug */ = {
                     isa = XCBuildConfiguration;
                     buildSettings = {
                            CONFIGURATION_BUILD_DIR = "/Users/jjthrash/Downloads/OpenCV-2.2.0/lib/Debug";
                            EXECUTABLE_PREFIX = lib;
                            EXECUTABLE_SUFFIX = ".a";
                            GCC_GENERATE_DEBUGGING_SYMBOLS = YES;
                            GCC_INLINES_ARE_PRIVATE_EXTERN = NO;
                            GCC_OPTIMIZATION_LEVEL = 0;
                            GCC_PREPROCESSOR_DEFINITIONS = ("'CMAKE_INTDIR=\"$(CONFIGURATION)\"'", HAVE_ALLOCA, HAVE_ALLOCA_H, HAVE_LIBPTHREAD, HAVE_UNISTD_H, HAVE_CONFIG_H, );
                            GCC_SYMBOLS_PRIVATE_EXTERN = NO;
                            HEADER_SEARCH_PATHS = ("/Users/jjthrash/Downloads/OpenCV-2.2.0/.", "/Users/jjthrash/Downloads/OpenCV-2.2.0", "/Users/jjthrash/Downloads/OpenCV-2.2.0/include", "/Users/jjthrash/Downloads/OpenCV-2.2.0/include/opencv", "/Users/jjthrash/Downloads/OpenCV-2.2.0/tests/cxts/.", "/Users/jjthrash/Downloads/OpenCV-2.2.0/modules/core/include", );
                            INSTALL_PATH = "";
                            LIBRARY_STYLE = STATIC;
                            OTHER_CFLAGS = "  -Wall -pthread          -ggdb3 -DDEBUG -D_DEBUG   ";
                            OTHER_CPLUSPLUSFLAGS = "  -Wall -pthread          -ggdb3 -DDEBUG -D_DEBUG   ";
                            OTHER_LDFLAGS = "";
                            OTHER_REZFLAGS = "";
                            PREBINDING = NO;
                            PRODUCT_NAME = opencv_ts;
                            SECTORDER_FLAGS = "";
                            SYMROOT = "/Users/jjthrash/Downloads/OpenCV-2.2.0/tests/cxts";
                            USE_HEADERMAP = NO;
                            WARNING_CFLAGS = ("-Wmost", "-Wno-four-char-constants", "-Wno-unknown-pragmas", );
                     };
                     name = Debug;
              };
              101072210101072210101072 /* Release */ = {
                     isa = XCBuildConfiguration;
                     buildSettings = {
                            CONFIGURATION_BUILD_DIR = "/Users/jjthrash/Downloads/OpenCV-2.2.0/lib/Release";
                            EXECUTABLE_PREFIX = lib;
                            EXECUTABLE_SUFFIX = ".a";
                            GCC_GENERATE_DEBUGGING_SYMBOLS = NO;
                            GCC_INLINES_ARE_PRIVATE_EXTERN = NO;
                            GCC_OPTIMIZATION_LEVEL = 3;
                            GCC_PREPROCESSOR_DEFINITIONS = ("'CMAKE_INTDIR=\"$(CONFIGURATION)\"'", HAVE_ALLOCA, HAVE_ALLOCA_H, HAVE_LIBPTHREAD, HAVE_UNISTD_H, HAVE_CONFIG_H, );
                            GCC_SYMBOLS_PRIVATE_EXTERN = NO;
                            HEADER_SEARCH_PATHS = ("/Users/jjthrash/Downloads/OpenCV-2.2.0/.", "/Users/jjthrash/Downloads/OpenCV-2.2.0", "/Users/jjthrash/Downloads/OpenCV-2.2.0/include", "/Users/jjthrash/Downloads/OpenCV-2.2.0/include/opencv", "/Users/jjthrash/Downloads/OpenCV-2.2.0/tests/cxts/.", "/Users/jjthrash/Downloads/OpenCV-2.2.0/modules/core/include", );
                            INSTALL_PATH = "";
                            LIBRARY_STYLE = STATIC;
                            OTHER_CFLAGS = "  -Wall -pthread      -DNDEBUG  -fomit-frame-pointer -O3 -ffast-math -DNDEBUG   ";
                            OTHER_CPLUSPLUSFLAGS = "  -Wall -pthread      -DNDEBUG  -fomit-frame-pointer -O3 -ffast-math -DNDEBUG   ";
                            OTHER_LDFLAGS = "";
                            OTHER_REZFLAGS = "";
                            PREBINDING = NO;
                            PRODUCT_NAME = opencv_ts;
                            SECTORDER_FLAGS = "";
                            SYMROOT = "/Users/jjthrash/Downloads/OpenCV-2.2.0/tests/cxts";
                            USE_HEADERMAP = NO;
                            WARNING_CFLAGS = ("-Wmost", "-Wno-four-char-constants", "-Wno-unknown-pragmas", );
                     };
                     name = Release;
              };
              1010794B01010794B0101079 /* MinSizeRel */ = {
                     isa = XCBuildConfiguration;
                     buildSettings = {
                            CONFIGURATION_BUILD_DIR = "/Users/jjthrash/Downloads/OpenCV-2.2.0/lib/MinSizeRel";
                            EXECUTABLE_PREFIX = lib;
                            EXECUTABLE_SUFFIX = ".a";
                            GCC_GENERATE_DEBUGGING_SYMBOLS = NO;
                            GCC_INLINES_ARE_PRIVATE_EXTERN = NO;
                            GCC_OPTIMIZATION_LEVEL = 0;
                            GCC_PREPROCESSOR_DEFINITIONS = ("'CMAKE_INTDIR=\"$(CONFIGURATION)\"'", HAVE_ALLOCA, HAVE_ALLOCA_H, HAVE_LIBPTHREAD, HAVE_UNISTD_H, HAVE_CONFIG_H, );
                            GCC_SYMBOLS_PRIVATE_EXTERN = NO;
                            HEADER_SEARCH_PATHS = ("/Users/jjthrash/Downloads/OpenCV-2.2.0/.", "/Users/jjthrash/Downloads/OpenCV-2.2.0", "/Users/jjthrash/Downloads/OpenCV-2.2.0/include", "/Users/jjthrash/Downloads/OpenCV-2.2.0/include/opencv", "/Users/jjthrash/Downloads/OpenCV-2.2.0/tests/cxts/.", "/Users/jjthrash/Downloads/OpenCV-2.2.0/modules/core/include", );
                            INSTALL_PATH = "";
                            LIBRARY_STYLE = STATIC;
                            OTHER_CFLAGS = "  -Wall -pthread   ";
                            OTHER_CPLUSPLUSFLAGS = "  -Wall -pthread   ";
                            OTHER_LDFLAGS = "";
                            OTHER_REZFLAGS = "";
                            PREBINDING = NO;
                            PRODUCT_NAME = opencv_ts;
                            SECTORDER_FLAGS = "";
                            SYMROOT = "/Users/jjthrash/Downloads/OpenCV-2.2.0/tests/cxts";
                            USE_HEADERMAP = NO;
                            WARNING_CFLAGS = ("-Wmost", "-Wno-four-char-constants", "-Wno-unknown-pragmas", );
                     };
                     name = MinSizeRel;
              };
              101085940101085940101085 /* RelWithDebInfo */ = {
                     isa = XCBuildConfiguration;
                     buildSettings = {
                            CONFIGURATION_BUILD_DIR = "/Users/jjthrash/Downloads/OpenCV-2.2.0/lib/RelWithDebInfo";
                            EXECUTABLE_PREFIX = lib;
                            EXECUTABLE_SUFFIX = ".a";
                            GCC_GENERATE_DEBUGGING_SYMBOLS = NO;
                            GCC_INLINES_ARE_PRIVATE_EXTERN = NO;
                            GCC_OPTIMIZATION_LEVEL = 0;
                            GCC_PREPROCESSOR_DEFINITIONS = ("'CMAKE_INTDIR=\"$(CONFIGURATION)\"'", HAVE_ALLOCA, HAVE_ALLOCA_H, HAVE_LIBPTHREAD, HAVE_UNISTD_H, HAVE_CONFIG_H, );
                            GCC_SYMBOLS_PRIVATE_EXTERN = NO;
                            HEADER_SEARCH_PATHS = ("/Users/jjthrash/Downloads/OpenCV-2.2.0/.", "/Users/jjthrash/Downloads/OpenCV-2.2.0", "/Users/jjthrash/Downloads/OpenCV-2.2.0/include", "/Users/jjthrash/Downloads/OpenCV-2.2.0/include/opencv", "/Users/jjthrash/Downloads/OpenCV-2.2.0/tests/cxts/.", "/Users/jjthrash/Downloads/OpenCV-2.2.0/modules/core/include", );
                            INSTALL_PATH = "";
                            LIBRARY_STYLE = STATIC;
                            OTHER_CFLAGS = "  -Wall -pthread   ";
                            OTHER_CPLUSPLUSFLAGS = "  -Wall -pthread   ";
                            OTHER_LDFLAGS = "";
                            OTHER_REZFLAGS = "";
                            PREBINDING = NO;
                            PRODUCT_NAME = opencv_ts;
                            SECTORDER_FLAGS = "";
                            SYMROOT = "/Users/jjthrash/Downloads/OpenCV-2.2.0/tests/cxts";
                            USE_HEADERMAP = NO;
                            WARNING_CFLAGS = ("-Wmost", "-Wno-four-char-constants", "-Wno-unknown-pragmas", );
                     };
                     name = RelWithDebInfo;
              };
/* End XCBuildConfiguration section */

/* Begin XCConfigurationList section */
              10103D22010103D22010103D /* Build configuration list for PBXProject  "opencv_ts" */ = {
                     isa = XCConfigurationList;
                     buildConfigurations = (
                            1010BA8601010BA8601010BA /* Debug */,
                            101011A70101011A70101011 /* Release */,
                            1010BAAC01010BAAC01010BA /* MinSizeRel */,
                            101047160101047160101047 /* RelWithDebInfo */,
                     );
                     defaultConfigurationIsVisible = 0;
                     defaultConfigurationName = Debug;
              };
              1010BBB701010BBB701010BB /* Build configuration list for PBXAggregateTarget "ALL_BUILD" */ = {
                     isa = XCConfigurationList;
                     buildConfigurations = (
                            1010F17101010F17101010F1 /* Debug */,
                            10104C8A010104C8A010104C /* Release */,
                            1010F8C601010F8C601010F8 /* MinSizeRel */,
                            10104C34010104C34010104C /* RelWithDebInfo */,
                     );
                     defaultConfigurationIsVisible = 0;
                     defaultConfigurationName = Debug;
              };
              1010D2DB01010D2DB01010D2 /* Build configuration list for PBXAggregateTarget "RUN_TESTS" */ = {
                     isa = XCConfigurationList;
                     buildConfigurations = (
                            1010C43601010C43601010C4 /* Debug */,
                            10102E7E010102E7E010102E /* Release */,
                            10103A70010103A70010103A /* MinSizeRel */,
                            101082000101082000101082 /* RelWithDebInfo */,
                     );
                     defaultConfigurationIsVisible = 0;
                     defaultConfigurationName = Debug;
              };
              101088E40101088E40101088 /* Build configuration list for PBXAggregateTarget "install" */ = {
                     isa = XCConfigurationList;
                     buildConfigurations = (
                            1010893F01010893F0101089 /* Debug */,
                            1010CF3F01010CF3F01010CF /* Release */,
                            101036010101036010101036 /* MinSizeRel */,
                            1010A8B101010A8B101010A8 /* RelWithDebInfo */,
                     );
                     defaultConfigurationIsVisible = 0;
                     defaultConfigurationName = Debug;
              };
              101071950101071950101071 /* Build configuration list for PBXNativeTarget "opencv_ts" */ = {
                     isa = XCConfigurationList;
                     buildConfigurations = (
                            101071E80101071E80101071 /* Debug */,
                            101072210101072210101072 /* Release */,
                            1010794B01010794B0101079 /* MinSizeRel */,
                            101085940101085940101085 /* RelWithDebInfo */,
                     );
                     defaultConfigurationIsVisible = 0;
                     defaultConfigurationName = Debug;
              };
/* End XCConfigurationList section */
       };
       rootObject = 1010F27201010F27201010F2;
}
